
Microsoft Visual Studio Solution File, Format Version 12.00
# Visual Studio 15
VisualStudioVersion = 15.0.28307.421
MinimumVisualStudioVersion = 10.0.40219.1
Project("{9A19103F-16F7-4668-BE54-9A1E7A4F7556}") = "VirtualWaiter", "VirtualWaiter.csproj", "{F27DA35D-207B-4E6E-9FA2-4C7F9CEB7DFE}"
EndProject
Global
	GlobalSection(SolutionConfigurationPlatforms) = preSolution
		Debug|Any CPU = Debug|Any CPU
		Release|Any CPU = Release|Any CPU
	EndGlobalSection
	GlobalSection(ProjectConfigurationPlatforms) = postSolution
		{F27DA35D-207B-4E6E-9FA2-4C7F9CEB7DFE}.Debug|Any CPU.ActiveCfg = Debug|Any CPU
		{F27DA35D-207B-4E6E-9FA2-4C7F9CEB7DFE}.Debug|Any CPU.Build.0 = Debug|Any CPU
		{F27DA35D-207B-4E6E-9FA2-4C7F9CEB7DFE}.Release|Any CPU.ActiveCfg = Release|Any CPU
		{F27DA35D-207B-4E6E-9FA2-4C7F9CEB7DFE}.Release|Any CPU.Build.0 = Release|Any CPU
	EndGlobalSection
	GlobalSection(SolutionProperties) = preSolution
		HideSolutionNode = FALSE
	EndGlobalSection
	GlobalSection(ExtensibilityGlobals) = postSolution
		SolutionGuid = {A267071B-807E-4F04-AC8D-392C7C22FBE4}
	EndGlobalSection
EndGlobal
